// !$*UTF8*$!
{
	archiveVersion = 1;
	classes = {
	};
	objectVersion = 50;
	objects = {

/* Begin PBXBuildFile section */
		FF806F53225E91C50083BBA9 /* AppDelegate.swift in Sources */ = {isa = PBXBuildFile; fileRef = FF806F52225E91C50083BBA9 /* AppDelegate.swift */; };
		FF806F55225E91C50083BBA9 /* ViewController.swift in Sources */ = {isa = PBXBuildFile; fileRef = FF806F54225E91C50083BBA9 /* ViewController.swift */; };
		FF806F58225E91C50083BBA9 /* Main.storyboard in Resources */ = {isa = PBXBuildFile; fileRef = FF806F56225E91C50083BBA9 /* Main.storyboard */; };
		FF806F5A225E91C60083BBA9 /* Assets.xcassets in Resources */ = {isa = PBXBuildFile; fileRef = FF806F59225E91C60083BBA9 /* Assets.xcassets */; };
		FF806F5D225E91C60083BBA9 /* LaunchScreen.storyboard in Resources */ = {isa = PBXBuildFile; fileRef = FF806F5B225E91C60083BBA9 /* LaunchScreen.storyboard */; };
		FF806F68225E91C60083BBA9 /* AudioCtrlTests.swift in Sources */ = {isa = PBXBuildFile; fileRef = FF806F67225E91C60083BBA9 /* AudioCtrlTests.swift */; };
		FF806F73225E91C60083BBA9 /* AudioCtrlUITests.swift in Sources */ = {isa = PBXBuildFile; fileRef = FF806F72225E91C60083BBA9 /* AudioCtrlUITests.swift */; };
/* End PBXBuildFile section */

/* Begin PBXContainerItemProxy section */
		FF806F64225E91C60083BBA9 /* PBXContainerItemProxy */ = {
			isa = PBXContainerItemProxy;
			containerPortal = FF806F47225E91C50083BBA9 /* Project object */;
			proxyType = 1;
			remoteGlobalIDString = FF806F4E225E91C50083BBA9;
			remoteInfo = AudioCtrl;
		};
		FF806F6F225E91C60083BBA9 /* PBXContainerItemProxy */ = {
			isa = PBXContainerItemProxy;
			containerPortal = FF806F47225E91C50083BBA9 /* Project object */;
			proxyType = 1;
			remoteGlobalIDString = FF806F4E225E91C50083BBA9;
			remoteInfo = AudioCtrl;
		};
/* End PBXContainerItemProxy section */

/* Begin PBXFileReference section */
		FF806F4F225E91C50083BBA9 /* AudioCtrl.app */ = {isa = PBXFileReference; explicitFileType = wrapper.application; includeInIndex = 0; path = AudioCtrl.app; sourceTree = BUILT_PRODUCTS_DIR; };
		FF806F52225E91C50083BBA9 /* AppDelegate.swift */ = {isa = PBXFileReference; lastKnownFileType = sourcecode.swift; path = AppDelegate.swift; sourceTree = "<group>"; };
		FF806F54225E91C50083BBA9 /* ViewController.swift */ = {isa = PBXFileReference; lastKnownFileType = sourcecode.swift; path = ViewController.swift; sourceTree = "<group>"; };
		FF806F57225E91C50083BBA9 /* Base */ = {isa = PBXFileReference; lastKnownFileType = file.storyboard; name = Base; path = Base.lproj/Main.storyboard; sourceTree = "<group>"; };
		FF806F59225E91C60083BBA9 /* Assets.xcassets */ = {isa = PBXFileReference; lastKnownFileType = folder.assetcatalog; path = Assets.xcassets; sourceTree = "<group>"; };
		FF806F5C225E91C60083BBA9 /* Base */ = {isa = PBXFileReference; lastKnownFileType = file.storyboard; name = Base; path = Base.lproj/LaunchScreen.storyboard; sourceTree = "<group>"; };
		FF806F5E225E91C60083BBA9 /* Info.plist */ = {isa = PBXFileReference; lastKnownFileType = text.plist.xml; path = Info.plist; sourceTree = "<group>"; };
		FF806F63225E91C60083BBA9 /* AudioCtrlTests.xctest */ = {isa = PBXFileReference; explicitFileType = wrapper.cfbundle; includeInIndex = 0; path = AudioCtrlTests.xctest; sourceTree = BUILT_PRODUCTS_DIR; };
		FF806F67225E91C60083BBA9 /* AudioCtrlTests.swift */ = {isa = PBXFileReference; lastKnownFileType = sourcecode.swift; path = AudioCtrlTests.swift; sourceTree = "<group>"; };
		FF806F69225E91C60083BBA9 /* Info.plist */ = {isa = PBXFileReference; lastKnownFileType = text.plist.xml; path = Info.plist; sourceTree = "<group>"; };
		FF806F6E225E91C60083BBA9 /* AudioCtrlUITests.xctest */ = {isa = PBXFileReference; explicitFileType = wrapper.cfbundle; includeInIndex = 0; path = AudioCtrlUITests.xctest; sourceTree = BUILT_PRODUCTS_DIR; };
		FF806F72225E91C60083BBA9 /* AudioCtrlUITests.swift */ = {isa = PBXFileReference; lastKnownFileType = sourcecode.swift; path = AudioCtrlUITests.swift; sourceTree = "<group>"; };
		FF806F74225E91C60083BBA9 /* Info.plist */ = {isa = PBXFileReference; lastKnownFileType = text.plist.xml; path = Info.plist; sourceTree = "<group>"; };
/* End PBXFileReference section */

/* Begin PBXFrameworksBuildPhase section */
		FF806F4C225E91C50083BBA9 /* Frameworks */ = {
			isa = PBXFrameworksBuildPhase;
			buildActionMask = 2147483647;
			files = (
			);
			runOnlyForDeploymentPostprocessing = 0;
		};
		FF806F60225E91C60083BBA9 /* Frameworks */ = {
			isa = PBXFrameworksBuildPhase;
			buildActionMask = 2147483647;
			files = (
			);
			runOnlyForDeploymentPostprocessing = 0;
		};
		FF806F6B225E91C60083BBA9 /* Frameworks */ = {
			isa = PBXFrameworksBuildPhase;
			buildActionMask = 2147483647;
			files = (
			);
			runOnlyForDeploymentPostprocessing = 0;
		};
/* End PBXFrameworksBuildPhase section */

/* Begin PBXGroup section */
		FF806F46225E91C50083BBA9 = {
			isa = PBXGroup;
			children = (
				FF806F51225E91C50083BBA9 /* AudioCtrl */,
				FF806F66225E91C60083BBA9 /* AudioCtrlTests */,
				FF806F71225E91C60083BBA9 /* AudioCtrlUITests */,
				FF806F50225E91C50083BBA9 /* Products */,
			);
			sourceTree = "<group>";
		};
		FF806F50225E91C50083BBA9 /* Products */ = {
			isa = PBXGroup;
			children = (
				FF806F4F225E91C50083BBA9 /* AudioCtrl.app */,
				FF806F63225E91C60083BBA9 /* AudioCtrlTests.xctest */,
				FF806F6E225E91C60083BBA9 /* AudioCtrlUITests.xctest */,
			);
			name = Products;
			sourceTree = "<group>";
		};
		FF806F51225E91C50083BBA9 /* AudioCtrl */ = {
			isa = PBXGroup;
			children = (
				FF806F52225E91C50083BBA9 /* AppDelegate.swift */,
				FF806F54225E91C50083BBA9 /* ViewController.swift */,
				FF806F56225E91C50083BBA9 /* Main.storyboard */,
				FF806F59225E91C60083BBA9 /* Assets.xcassets */,
				FF806F5B225E91C60083BBA9 /* LaunchScreen.storyboard */,
				FF806F5E225E91C60083BBA9 /* Info.plist */,
			);
			path = AudioCtrl;
			sourceTree = "<group>";
		};
		FF806F66225E91C60083BBA9 /* AudioCtrlTests */ = {
			isa = PBXGroup;
			children = (
				FF806F67225E91C60083BBA9 /* AudioCtrlTests.swift */,
				FF806F69225E91C60083BBA9 /* Info.plist */,
			);
			path = AudioCtrlTests;
			sourceTree = "<group>";
		};
		FF806F71225E91C60083BBA9 /* AudioCtrlUITests */ = {
			isa = PBXGroup;
			children = (
				FF806F72225E91C60083BBA9 /* AudioCtrlUITests.swift */,
				FF806F74225E91C60083BBA9 /* Info.plist */,
			);
			path = AudioCtrlUITests;
			sourceTree = "<group>";
		};
/* End PBXGroup section */

/* Begin PBXNativeTarget section */
		FF806F4E225E91C50083BBA9 /* AudioCtrl */ = {
			isa = PBXNativeTarget;
			buildConfigurationList = FF806F77225E91C60083BBA9 /* Build configuration list for PBXNativeTarget "AudioCtrl" */;
			buildPhases = (
				FF806F4B225E91C50083BBA9 /* Sources */,
				FF806F4C225E91C50083BBA9 /* Frameworks */,
				FF806F4D225E91C50083BBA9 /* Resources */,
			);
			buildRules = (
			);
			dependencies = (
			);
			name = AudioCtrl;
			productName = AudioCtrl;
			productReference = FF806F4F225E91C50083BBA9 /* AudioCtrl.app */;
			productType = "com.apple.product-type.application";
		};
		FF806F62225E91C60083BBA9 /* AudioCtrlTests */ = {
			isa = PBXNativeTarget;
			buildConfigurationList = FF806F7A225E91C60083BBA9 /* Build configuration list for PBXNativeTarget "AudioCtrlTests" */;
			buildPhases = (
				FF806F5F225E91C60083BBA9 /* Sources */,
				FF806F60225E91C60083BBA9 /* Frameworks */,
				FF806F61225E91C60083BBA9 /* Resources */,
			);
			buildRules = (
			);
			dependencies = (
				FF806F65225E91C60083BBA9 /* PBXTargetDependency */,
			);
			name = AudioCtrlTests;
			productName = AudioCtrlTests;
			productReference = FF806F63225E91C60083BBA9 /* AudioCtrlTests.xctest */;
			productType = "com.apple.product-type.bundle.unit-test";
		};
		FF806F6D225E91C60083BBA9 /* AudioCtrlUITests */ = {
			isa = PBXNativeTarget;
			buildConfigurationList = FF806F7D225E91C60083BBA9 /* Build configuration list for PBXNativeTarget "AudioCtrlUITests" */;
			buildPhases = (
				FF806F6A225E91C60083BBA9 /* Sources */,
				FF806F6B225E91C60083BBA9 /* Frameworks */,
				FF806F6C225E91C60083BBA9 /* Resources */,
			);
			buildRules = (
			);
			dependencies = (
				FF806F70225E91C60083BBA9 /* PBXTargetDependency */,
			);
			name = AudioCtrlUITests;
			productName = AudioCtrlUITests;
			productReference = FF806F6E225E91C60083BBA9 /* AudioCtrlUITests.xctest */;
			productType = "com.apple.product-type.bundle.ui-testing";
		};
/* End PBXNativeTarget section */

/* Begin PBXProject section */
		FF806F47225E91C50083BBA9 /* Project object */ = {
			isa = PBXProject;
			attributes = {
				LastSwiftUpdateCheck = 1020;
				LastUpgradeCheck = 1020;
				ORGANIZATIONNAME = "Tomás Vega";
				TargetAttributes = {
					FF806F4E225E91C50083BBA9 = {
						CreatedOnToolsVersion = 10.2;
					};
					FF806F62225E91C60083BBA9 = {
						CreatedOnToolsVersion = 10.2;
						TestTargetID = FF806F4E225E91C50083BBA9;
					};
					FF806F6D225E91C60083BBA9 = {
						CreatedOnToolsVersion = 10.2;
						TestTargetID = FF806F4E225E91C50083BBA9;
					};
				};
			};
			buildConfigurationList = FF806F4A225E91C50083BBA9 /* Build configuration list for PBXProject "AudioCtrl" */;
			compatibilityVersion = "Xcode 9.3";
			developmentRegion = en;
			hasScannedForEncodings = 0;
			knownRegions = (
				en,
				Base,
			);
			mainGroup = FF806F46225E91C50083BBA9;
			productRefGroup = FF806F50225E91C50083BBA9 /* Products */;
			projectDirPath = "";
			projectRoot = "";
			targets = (
				FF806F4E225E91C50083BBA9 /* AudioCtrl */,
				FF806F62225E91C60083BBA9 /* AudioCtrlTests */,
				FF806F6D225E91C60083BBA9 /* AudioCtrlUITests */,
			);
		};
/* End PBXProject section */

/* Begin PBXResourcesBuildPhase section */
		FF806F4D225E91C50083BBA9 /* Resources */ = {
			isa = PBXResourcesBuildPhase;
			buildActionMask = 2147483647;
			files = (
				FF806F5D225E91C60083BBA9 /* LaunchScreen.storyboard in Resources */,
				FF806F5A225E91C60083BBA9 /* Assets.xcassets in Resources */,
				FF806F58225E91C50083BBA9 /* Main.storyboard in Resources */,
			);
			runOnlyForDeploymentPostprocessing = 0;
		};
		FF806F61225E91C60083BBA9 /* Resources */ = {
			isa = PBXResourcesBuildPhase;
			buildActionMask = 2147483647;
			files = (
			);
			runOnlyForDeploymentPostprocessing = 0;
		};
		FF806F6C225E91C60083BBA9 /* Resources */ = {
			isa = PBXResourcesBuildPhase;
			buildActionMask = 2147483647;
			files = (
			);
			runOnlyForDeploymentPostprocessing = 0;
		};
/* End PBXResourcesBuildPhase section */

/* Begin PBXSourcesBuildPhase section */
		FF806F4B225E91C50083BBA9 /* Sources */ = {
			isa = PBXSourcesBuildPhase;
			buildActionMask = 2147483647;
			files = (
				FF806F55225E91C50083BBA9 /* ViewController.swift in Sources */,
				FF806F53225E91C50083BBA9 /* AppDelegate.swift in Sources */,
			);
			runOnlyForDeploymentPostprocessing = 0;
		};
		FF806F5F225E91C60083BBA9 /* Sources */ = {
			isa = PBXSourcesBuildPhase;
			buildActionMask = 2147483647;
			files = (
				FF806F68225E91C60083BBA9 /* AudioCtrlTests.swift in Sources */,
			);
			runOnlyForDeploymentPostprocessing = 0;
		};
		FF806F6A225E91C60083BBA9 /* Sources */ = {
			isa = PBXSourcesBuildPhase;
			buildActionMask = 2147483647;
			files = (
				FF806F73225E91C60083BBA9 /* AudioCtrlUITests.swift in Sources */,
			);
			runOnlyForDeploymentPostprocessing = 0;
		};
/* End PBXSourcesBuildPhase section */

/* Begin PBXTargetDependency section */
		FF806F65225E91C60083BBA9 /* PBXTargetDependency */ = {
			isa = PBXTargetDependency;
			target = FF806F4E225E91C50083BBA9 /* AudioCtrl */;
			targetProxy = FF806F64225E91C60083BBA9 /* PBXContainerItemProxy */;
		};
		FF806F70225E91C60083BBA9 /* PBXTargetDependency */ = {
			isa = PBXTargetDependency;
			target = FF806F4E225E91C50083BBA9 /* AudioCtrl */;
			targetProxy = FF806F6F225E91C60083BBA9 /* PBXContainerItemProxy */;
		};
/* End PBXTargetDependency section */

/* Begin PBXVariantGroup section */
		FF806F56225E91C50083BBA9 /* Main.storyboard */ = {
			isa = PBXVariantGroup;
			children = (
				FF806F57225E91C50083BBA9 /* Base */,
			);
			name = Main.storyboard;
			sourceTree = "<group>";
		};
		FF806F5B225E91C60083BBA9 /* LaunchScreen.storyboard */ = {
			isa = PBXVariantGroup;
			children = (
				FF806F5C225E91C60083BBA9 /* Base */,
			);
			name = LaunchScreen.storyboard;
			sourceTree = "<group>";
		};
/* End PBXVariantGroup section */

/* Begin XCBuildConfiguration section */
		FF806F75225E91C60083BBA9 /* Debug */ = {
			isa = XCBuildConfiguration;
			buildSettings = {
				ALWAYS_SEARCH_USER_PATHS = NO;
				CLANG_ANALYZER_NONNULL = YES;
				CLANG_ANALYZER_NUMBER_OBJECT_CONVERSION = YES_AGGRESSIVE;
				CLANG_CXX_LANGUAGE_STANDARD = "gnu++14";
				CLANG_CXX_LIBRARY = "libc++";
				CLANG_ENABLE_MODULES = YES;
				CLANG_ENABLE_OBJC_ARC = YES;
				CLANG_ENABLE_OBJC_WEAK = YES;
				CLANG_WARN_BLOCK_CAPTURE_AUTORELEASING = YES;
				CLANG_WARN_BOOL_CONVERSION = YES;
				CLANG_WARN_COMMA = YES;
				CLANG_WARN_CONSTANT_CONVERSION = YES;
				CLANG_WARN_DEPRECATED_OBJC_IMPLEMENTATIONS = YES;
				CLANG_WARN_DIRECT_OBJC_ISA_USAGE = YES_ERROR;
				CLANG_WARN_DOCUMENTATION_COMMENTS = YES;
				CLANG_WARN_EMPTY_BODY = YES;
				CLANG_WARN_ENUM_CONVERSION = YES;
				CLANG_WARN_INFINITE_RECURSION = YES;
				CLANG_WARN_INT_CONVERSION = YES;
				CLANG_WARN_NON_LITERAL_NULL_CONVERSION = YES;
				CLANG_WARN_OBJC_IMPLICIT_RETAIN_SELF = YES;
				CLANG_WARN_OBJC_LITERAL_CONVERSION = YES;
				CLANG_WARN_OBJC_ROOT_CLASS = YES_ERROR;
				CLANG_WARN_RANGE_LOOP_ANALYSIS = YES;
				CLANG_WARN_STRICT_PROTOTYPES = YES;
				CLANG_WARN_SUSPICIOUS_MOVE = YES;
				CLANG_WARN_UNGUARDED_AVAILABILITY = YES_AGGRESSIVE;
				CLANG_WARN_UNREACHABLE_CODE = YES;
				CLANG_WARN__DUPLICATE_METHOD_MATCH = YES;
				CODE_SIGN_IDENTITY = "iPhone Developer";
				COPY_PHASE_STRIP = NO;
				DEBUG_INFORMATION_FORMAT = dwarf;
				ENABLE_STRICT_OBJC_MSGSEND = YES;
				ENABLE_TESTABILITY = YES;
				GCC_C_LANGUAGE_STANDARD = gnu11;
				GCC_DYNAMIC_NO_PIC = NO;
				GCC_NO_COMMON_BLOCKS = YES;
				GCC_OPTIMIZATION_LEVEL = 0;
				GCC_PREPROCESSOR_DEFINITIONS = (
					"DEBUG=1",
					"$(inherited)",
				);
				GCC_WARN_64_TO_32_BIT_CONVERSION = YES;
				GCC_WARN_ABOUT_RETURN_TYPE = YES_ERROR;
				GCC_WARN_UNDECLARED_SELECTOR = YES;
				GCC_WARN_UNINITIALIZED_AUTOS = YES_AGGRESSIVE;
				GCC_WARN_UNUSED_FUNCTION = YES;
				GCC_WARN_UNUSED_VARIABLE = YES;
				IPHONEOS_DEPLOYMENT_TARGET = 12.2;
				MTL_ENABLE_DEBUG_INFO = INCLUDE_SOURCE;
				MTL_FAST_MATH = YES;
				ONLY_ACTIVE_ARCH = YES;
				SDKROOT = iphoneos;
				SWIFT_ACTIVE_COMPILATION_CONDITIONS = DEBUG;
				SWIFT_OPTIMIZATION_LEVEL = "-Onone";
			};
			name = Debug;
		};
		FF806F76225E91C60083BBA9 /* Release */ = {
			isa = XCBuildConfiguration;
			buildSettings = {
				ALWAYS_SEARCH_USER_PATHS = NO;
				CLANG_ANALYZER_NONNULL = YES;
				CLANG_ANALYZER_NUMBER_OBJECT_CONVERSION = YES_AGGRESSIVE;
				CLANG_CXX_LANGUAGE_STANDARD = "gnu++14";
				CLANG_CXX_LIBRARY = "libc++";
				CLANG_ENABLE_MODULES = YES;
				CLANG_ENABLE_OBJC_ARC = YES;
				CLANG_ENABLE_OBJC_WEAK = YES;
				CLANG_WARN_BLOCK_CAPTURE_AUTORELEASING = YES;
				CLANG_WARN_BOOL_CONVERSION = YES;
				CLANG_WARN_COMMA = YES;
				CLANG_WARN_CONSTANT_CONVERSION = YES;
				CLANG_WARN_DEPRECATED_OBJC_IMPLEMENTATIONS = YES;
				CLANG_WARN_DIRECT_OBJC_ISA_USAGE = YES_ERROR;
				CLANG_WARN_DOCUMENTATION_COMMENTS = YES;
				CLANG_WARN_EMPTY_BODY = YES;
				CLANG_WARN_ENUM_CONVERSION = YES;
				CLANG_WARN_INFINITE_RECURSION = YES;
				CLANG_WARN_INT_CONVERSION = YES;
				CLANG_WARN_NON_LITERAL_NULL_CONVERSION = YES;
				CLANG_WARN_OBJC_IMPLICIT_RETAIN_SELF = YES;
				CLANG_WARN_OBJC_LITERAL_CONVERSION = YES;
				CLANG_WARN_OBJC_ROOT_CLASS = YES_ERROR;
				CLANG_WARN_RANGE_LOOP_ANALYSIS = YES;
				CLANG_WARN_STRICT_PROTOTYPES = YES;
				CLANG_WARN_SUSPICIOUS_MOVE = YES;
				CLANG_WARN_UNGUARDED_AVAILABILITY = YES_AGGRESSIVE;
				CLANG_WARN_UNREACHABLE_CODE = YES;
				CLANG_WARN__DUPLICATE_METHOD_MATCH = YES;
				CODE_SIGN_IDENTITY = "iPhone Developer";
				COPY_PHASE_STRIP = NO;
				DEBUG_INFORMATION_FORMAT = "dwarf-with-dsym";
				ENABLE_NS_ASSERTIONS = NO;
				ENABLE_STRICT_OBJC_MSGSEND = YES;
				GCC_C_LANGUAGE_STANDARD = gnu11;
				GCC_NO_COMMON_BLOCKS = YES;
				GCC_WARN_64_TO_32_BIT_CONVERSION = YES;
				GCC_WARN_ABOUT_RETURN_TYPE = YES_ERROR;
				GCC_WARN_UNDECLARED_SELECTOR = YES;
				GCC_WARN_UNINITIALIZED_AUTOS = YES_AGGRESSIVE;
				GCC_WARN_UNUSED_FUNCTION = YES;
				GCC_WARN_UNUSED_VARIABLE = YES;
				IPHONEOS_DEPLOYMENT_TARGET = 12.2;
				MTL_ENABLE_DEBUG_INFO = NO;
				MTL_FAST_MATH = YES;
				SDKROOT = iphoneos;
				SWIFT_COMPILATION_MODE = wholemodule;
				SWIFT_OPTIMIZATION_LEVEL = "-O";
				VALIDATE_PRODUCT = YES;
			};
			name = Release;
		};
		FF806F78225E91C60083BBA9 /* Debug */ = {
			isa = XCBuildConfiguration;
			buildSettings = {
				ASSETCATALOG_COMPILER_APPICON_NAME = AppIcon;
				CODE_SIGN_STYLE = Automatic;
				DEVELOPMENT_TEAM = 7UQD3GFB9F;
				INFOPLIST_FILE = AudioCtrl/Info.plist;
				LD_RUNPATH_SEARCH_PATHS = (
					"$(inherited)",
					"@executable_path/Frameworks",
				);
				PRODUCT_BUNDLE_IDENTIFIER = FI.AudioCtrl;
				PRODUCT_NAME = "$(TARGET_NAME)";
				SWIFT_VERSION = 5.0;
				TARGETED_DEVICE_FAMILY = "1,2";
			};
			name = Debug;
		};
		FF806F79225E91C60083BBA9 /* Release */ = {
			isa = XCBuildConfiguration;
			buildSettings = {
				ASSETCATALOG_COMPILER_APPICON_NAME = AppIcon;
				CODE_SIGN_STYLE = Automatic;
				DEVELOPMENT_TEAM = 7UQD3GFB9F;
				INFOPLIST_FILE = AudioCtrl/Info.plist;
				LD_RUNPATH_SEARCH_PATHS = (
					"$(inherited)",
					"@executable_path/Frameworks",
				);
				PRODUCT_BUNDLE_IDENTIFIER = FI.AudioCtrl;
				PRODUCT_NAME = "$(TARGET_NAME)";
				SWIFT_VERSION = 5.0;
				TARGETED_DEVICE_FAMILY = "1,2";
			};
			name = Release;
		};
		FF806F7B225E91C60083BBA9 /* Debug */ = {
			isa = XCBuildConfiguration;
			buildSettings = {
				ALWAYS_EMBED_SWIFT_STANDARD_LIBRARIES = YES;
				BUNDLE_LOADER = "$(TEST_HOST)";
				CODE_SIGN_STYLE = Automatic;
				DEVELOPMENT_TEAM = 7UQD3GFB9F;
				INFOPLIST_FILE = AudioCtrlTests/Info.plist;
				LD_RUNPATH_SEARCH_PATHS = (
					"$(inherited)",
					"@executable_path/Frameworks",
					"@loader_path/Frameworks",
				);
				PRODUCT_BUNDLE_IDENTIFIER = FI.AudioCtrlTests;
				PRODUCT_NAME = "$(TARGET_NAME)";
				SWIFT_VERSION = 5.0;
				TARGETED_DEVICE_FAMILY = "1,2";
				TEST_HOST = "$(BUILT_PRODUCTS_DIR)/AudioCtrl.app/AudioCtrl";
			};
			name = Debug;
		};
		FF806F7C225E91C60083BBA9 /* Release */ = {
			isa = XCBuildConfiguration;
			buildSettings = {
				ALWAYS_EMBED_SWIFT_STANDARD_LIBRARIES = YES;
				BUNDLE_LOADER = "$(TEST_HOST)";
				CODE_SIGN_STYLE = Automatic;
				DEVELOPMENT_TEAM = 7UQD3GFB9F;
				INFOPLIST_FILE = AudioCtrlTests/Info.plist;
				LD_RUNPATH_SEARCH_PATHS = (
					"$(inherited)",
					"@executable_path/Frameworks",
					"@loader_path/Frameworks",
				);
				PRODUCT_BUNDLE_IDENTIFIER = FI.AudioCtrlTests;
				PRODUCT_NAME = "$(TARGET_NAME)";
				SWIFT_VERSION = 5.0;
				TARGETED_DEVICE_FAMILY = "1,2";
				TEST_HOST = "$(BUILT_PRODUCTS_DIR)/AudioCtrl.app/AudioCtrl";
			};
			name = Release;
		};
		FF806F7E225E91C60083BBA9 /* Debug */ = {
			isa = XCBuildConfiguration;
			buildSettings = {
				ALWAYS_EMBED_SWIFT_STANDARD_LIBRARIES = YES;
				CODE_SIGN_STYLE = Automatic;
				DEVELOPMENT_TEAM = 7UQD3GFB9F;
				INFOPLIST_FILE = AudioCtrlUITests/Info.plist;
				LD_RUNPATH_SEARCH_PATHS = (
					"$(inherited)",
					"@executable_path/Frameworks",
					"@loader_path/Frameworks",
				);
				PRODUCT_BUNDLE_IDENTIFIER = FI.AudioCtrlUITests;
				PRODUCT_NAME = "$(TARGET_NAME)";
				SWIFT_VERSION = 5.0;
				TARGETED_DEVICE_FAMILY = "1,2";
				TEST_TARGET_NAME = AudioCtrl;
			};
			name = Debug;
		};
		FF806F7F225E91C60083BBA9 /* Release */ = {
			isa = XCBuildConfiguration;
			buildSettings = {
				ALWAYS_EMBED_SWIFT_STANDARD_LIBRARIES = YES;
				CODE_SIGN_STYLE = Automatic;
				DEVELOPMENT_TEAM = 7UQD3GFB9F;
				INFOPLIST_FILE = AudioCtrlUITests/Info.plist;
				LD_RUNPATH_SEARCH_PATHS = (
					"$(inherited)",
					"@executable_path/Frameworks",
					"@loader_path/Frameworks",
				);
				PRODUCT_BUNDLE_IDENTIFIER = FI.AudioCtrlUITests;
				PRODUCT_NAME = "$(TARGET_NAME)";
				SWIFT_VERSION = 5.0;
				TARGETED_DEVICE_FAMILY = "1,2";
				TEST_TARGET_NAME = AudioCtrl;
			};
			name = Release;
		};
/* End XCBuildConfiguration section */

/* Begin XCConfigurationList section */
		FF806F4A225E91C50083BBA9 /* Build configuration list for PBXProject "AudioCtrl" */ = {
			isa = XCConfigurationList;
			buildConfigurations = (
				FF806F75225E91C60083BBA9 /* Debug */,
				FF806F76225E91C60083BBA9 /* Release */,
			);
			defaultConfigurationIsVisible = 0;
			defaultConfigurationName = Release;
		};
		FF806F77225E91C60083BBA9 /* Build configuration list for PBXNativeTarget "AudioCtrl" */ = {
			isa = XCConfigurationList;
			buildConfigurations = (
				FF806F78225E91C60083BBA9 /* Debug */,
				FF806F79225E91C60083BBA9 /* Release */,
			);
			defaultConfigurationIsVisible = 0;
			defaultConfigurationName = Release;
		};
		FF806F7A225E91C60083BBA9 /* Build configuration list for PBXNativeTarget "AudioCtrlTests" */ = {
			isa = XCConfigurationList;
			buildConfigurations = (
				FF806F7B225E91C60083BBA9 /* Debug */,
				FF806F7C225E91C60083BBA9 /* Release */,
			);
			defaultConfigurationIsVisible = 0;
			defaultConfigurationName = Release;
		};
		FF806F7D225E91C60083BBA9 /* Build configuration list for PBXNativeTarget "AudioCtrlUITests" */ = {
			isa = XCConfigurationList;
			buildConfigurations = (
				FF806F7E225E91C60083BBA9 /* Debug */,
				FF806F7F225E91C60083BBA9 /* Release */,
			);
			defaultConfigurationIsVisible = 0;
			defaultConfigurationName = Release;
		};
/* End XCConfigurationList section */
	};
	rootObject = FF806F47225E91C50083BBA9 /* Project object */;
}
